{
  "version": 4,
  "terraform_version": "1.4.5",
  "serial": 15,
  "lineage": "11455634-33ca-67cc-4646-7161d010aa08",
  "outputs": {},
  "resources": [
    {
      "mode": "managed",
      "type": "openstack_identity_project_v3",
      "name": "proje-cem",
      "provider": "provider[\"registry.terraform.io/terraform-provider-openstack/openstack\"]",
      "instances": [
        {
          "schema_version": 0,
          "attributes": {
            "description": "Bu proje sunun icin bunun icin vs. tanimlar",
            "domain_id": "default",
            "enabled": true,
            "id": "5314a02ccd254c948aecbc9be19d2156",
            "is_domain": false,
            "name": "cem-proje",
            "parent_id": "default",
            "region": "RegionOne",
            "tags": []
          },
          "sensitive_attributes": [],
          "private": "bnVsbA=="
        }
      ]
    },
    {
      "mode": "managed",
      "type": "openstack_identity_user_v3",
      "name": "user_proje-cem",
      "provider": "provider[\"registry.terraform.io/terraform-provider-openstack/openstack\"]",
      "instances": [
        {
          "schema_version": 0,
          "attributes": {
            "default_project_id": "5314a02ccd254c948aecbc9be19d2156",
            "description": "",
            "domain_id": "default",
            "enabled": true,
            "extra": {},
            "id": "5fa8702f2104423daa1336ca0f9e6532",
            "ignore_change_password_upon_first_use": null,
            "ignore_lockout_failure_attempts": null,
            "ignore_password_expiry": null,
            "multi_factor_auth_enabled": null,
            "multi_factor_auth_rule": [],
            "name": "cem-user",
            "password": "sifre123",
            "region": "RegionOne"
          },
          "sensitive_attributes": [],
          "private": "bnVsbA==",
          "dependencies": [
            "openstack_identity_project_v3.proje-cem"
          ]
        }
      ]
    }
  ],
  "check_results": null
}
